
Microsoft Visual Studio Solution File, Format Version 12.00
Project("{FAE04EC0-301F-11D3-BF4B-00C04F79EFBC}") = "API", "API\API.csproj", "{FB15468A-7CF3-48F9-9BA6-C251FFC647AF}"
EndProject
Project("{FAE04EC0-301F-11D3-BF4B-00C04F79EFBC}") = "Application", "Application\Application.csproj", "{7A100AA7-F9EF-49C8-A817-5174F4D8BA27}"
EndProject
Project("{FAE04EC0-301F-11D3-BF4B-00C04F79EFBC}") = "Infraestructure", "Infraestructure\Infraestructure.csproj", "{070B3744-2E34-400C-9C69-03286325F76B}"
EndProject
Project("{FAE04EC0-301F-11D3-BF4B-00C04F79EFBC}") = "Tests", "Tests\Tests.csproj", "{9E5EB437-FE4E-41FB-89E8-50F1B95E530F}"
EndProject
Project("{FAE04EC0-301F-11D3-BF4B-00C04F79EFBC}") = "Domain", "Domain\Domain.csproj", "{6E6E7B55-25AC-4582-8165-53C471C44DEA}"
EndProject
Global
	GlobalSection(SolutionConfigurationPlatforms) = preSolution
		Debug|Any CPU = Debug|Any CPU
		Debug|x64 = Debug|x64
		Debug|x86 = Debug|x86
		Release|Any CPU = Release|Any CPU
		Release|x64 = Release|x64
		Release|x86 = Release|x86
	EndGlobalSection
	GlobalSection(ProjectConfigurationPlatforms) = postSolution
		{FB15468A-7CF3-48F9-9BA6-C251FFC647AF}.Debug|Any CPU.ActiveCfg = Debug|Any CPU
		{FB15468A-7CF3-48F9-9BA6-C251FFC647AF}.Debug|Any CPU.Build.0 = Debug|Any CPU
		{FB15468A-7CF3-48F9-9BA6-C251FFC647AF}.Debug|x64.ActiveCfg = Debug|Any CPU
		{FB15468A-7CF3-48F9-9BA6-C251FFC647AF}.Debug|x64.Build.0 = Debug|Any CPU
		{FB15468A-7CF3-48F9-9BA6-C251FFC647AF}.Debug|x86.ActiveCfg = Debug|Any CPU
		{FB15468A-7CF3-48F9-9BA6-C251FFC647AF}.Debug|x86.Build.0 = Debug|Any CPU
		{FB15468A-7CF3-48F9-9BA6-C251FFC647AF}.Release|Any CPU.ActiveCfg = Release|Any CPU
		{FB15468A-7CF3-48F9-9BA6-C251FFC647AF}.Release|Any CPU.Build.0 = Release|Any CPU
		{FB15468A-7CF3-48F9-9BA6-C251FFC647AF}.Release|x64.ActiveCfg = Release|Any CPU
		{FB15468A-7CF3-48F9-9BA6-C251FFC647AF}.Release|x64.Build.0 = Release|Any CPU
		{FB15468A-7CF3-48F9-9BA6-C251FFC647AF}.Release|x86.ActiveCfg = Release|Any CPU
		{FB15468A-7CF3-48F9-9BA6-C251FFC647AF}.Release|x86.Build.0 = Release|Any CPU
		{7A100AA7-F9EF-49C8-A817-5174F4D8BA27}.Debug|Any CPU.ActiveCfg = Debug|Any CPU
		{7A100AA7-F9EF-49C8-A817-5174F4D8BA27}.Debug|Any CPU.Build.0 = Debug|Any CPU
		{7A100AA7-F9EF-49C8-A817-5174F4D8BA27}.Debug|x64.ActiveCfg = Debug|Any CPU
		{7A100AA7-F9EF-49C8-A817-5174F4D8BA27}.Debug|x64.Build.0 = Debug|Any CPU
		{7A100AA7-F9EF-49C8-A817-5174F4D8BA27}.Debug|x86.ActiveCfg = Debug|Any CPU
		{7A100AA7-F9EF-49C8-A817-5174F4D8BA27}.Debug|x86.Build.0 = Debug|Any CPU
		{7A100AA7-F9EF-49C8-A817-5174F4D8BA27}.Release|Any CPU.ActiveCfg = Release|Any CPU
		{7A100AA7-F9EF-49C8-A817-5174F4D8BA27}.Release|Any CPU.Build.0 = Release|Any CPU
		{7A100AA7-F9EF-49C8-A817-5174F4D8BA27}.Release|x64.ActiveCfg = Release|Any CPU
		{7A100AA7-F9EF-49C8-A817-5174F4D8BA27}.Release|x64.Build.0 = Release|Any CPU
		{7A100AA7-F9EF-49C8-A817-5174F4D8BA27}.Release|x86.ActiveCfg = Release|Any CPU
		{7A100AA7-F9EF-49C8-A817-5174F4D8BA27}.Release|x86.Build.0 = Release|Any CPU
		{070B3744-2E34-400C-9C69-03286325F76B}.Debug|Any CPU.ActiveCfg = Debug|Any CPU
		{070B3744-2E34-400C-9C69-03286325F76B}.Debug|Any CPU.Build.0 = Debug|Any CPU
		{070B3744-2E34-400C-9C69-03286325F76B}.Debug|x64.ActiveCfg = Debug|Any CPU
		{070B3744-2E34-400C-9C69-03286325F76B}.Debug|x64.Build.0 = Debug|Any CPU
		{070B3744-2E34-400C-9C69-03286325F76B}.Debug|x86.ActiveCfg = Debug|Any CPU
		{070B3744-2E34-400C-9C69-03286325F76B}.Debug|x86.Build.0 = Debug|Any CPU
		{070B3744-2E34-400C-9C69-03286325F76B}.Release|Any CPU.ActiveCfg = Release|Any CPU
		{070B3744-2E34-400C-9C69-03286325F76B}.Release|Any CPU.Build.0 = Release|Any CPU
		{070B3744-2E34-400C-9C69-03286325F76B}.Release|x64.ActiveCfg = Release|Any CPU
		{070B3744-2E34-400C-9C69-03286325F76B}.Release|x64.Build.0 = Release|Any CPU
		{070B3744-2E34-400C-9C69-03286325F76B}.Release|x86.ActiveCfg = Release|Any CPU
		{070B3744-2E34-400C-9C69-03286325F76B}.Release|x86.Build.0 = Release|Any CPU
		{9E5EB437-FE4E-41FB-89E8-50F1B95E530F}.Debug|Any CPU.ActiveCfg = Debug|Any CPU
		{9E5EB437-FE4E-41FB-89E8-50F1B95E530F}.Debug|Any CPU.Build.0 = Debug|Any CPU
		{9E5EB437-FE4E-41FB-89E8-50F1B95E530F}.Debug|x64.ActiveCfg = Debug|Any CPU
		{9E5EB437-FE4E-41FB-89E8-50F1B95E530F}.Debug|x64.Build.0 = Debug|Any CPU
		{9E5EB437-FE4E-41FB-89E8-50F1B95E530F}.Debug|x86.ActiveCfg = Debug|Any CPU
		{9E5EB437-FE4E-41FB-89E8-50F1B95E530F}.Debug|x86.Build.0 = Debug|Any CPU
		{9E5EB437-FE4E-41FB-89E8-50F1B95E530F}.Release|Any CPU.ActiveCfg = Release|Any CPU
		{9E5EB437-FE4E-41FB-89E8-50F1B95E530F}.Release|Any CPU.Build.0 = Release|Any CPU
		{9E5EB437-FE4E-41FB-89E8-50F1B95E530F}.Release|x64.ActiveCfg = Release|Any CPU
		{9E5EB437-FE4E-41FB-89E8-50F1B95E530F}.Release|x64.Build.0 = Release|Any CPU
		{9E5EB437-FE4E-41FB-89E8-50F1B95E530F}.Release|x86.ActiveCfg = Release|Any CPU
		{9E5EB437-FE4E-41FB-89E8-50F1B95E530F}.Release|x86.Build.0 = Release|Any CPU
		{6E6E7B55-25AC-4582-8165-53C471C44DEA}.Debug|Any CPU.ActiveCfg = Debug|Any CPU
		{6E6E7B55-25AC-4582-8165-53C471C44DEA}.Debug|Any CPU.Build.0 = Debug|Any CPU
		{6E6E7B55-25AC-4582-8165-53C471C44DEA}.Debug|x64.ActiveCfg = Debug|Any CPU
		{6E6E7B55-25AC-4582-8165-53C471C44DEA}.Debug|x64.Build.0 = Debug|Any CPU
		{6E6E7B55-25AC-4582-8165-53C471C44DEA}.Debug|x86.ActiveCfg = Debug|Any CPU
		{6E6E7B55-25AC-4582-8165-53C471C44DEA}.Debug|x86.Build.0 = Debug|Any CPU
		{6E6E7B55-25AC-4582-8165-53C471C44DEA}.Release|Any CPU.ActiveCfg = Release|Any CPU
		{6E6E7B55-25AC-4582-8165-53C471C44DEA}.Release|Any CPU.Build.0 = Release|Any CPU
		{6E6E7B55-25AC-4582-8165-53C471C44DEA}.Release|x64.ActiveCfg = Release|Any CPU
		{6E6E7B55-25AC-4582-8165-53C471C44DEA}.Release|x64.Build.0 = Release|Any CPU
		{6E6E7B55-25AC-4582-8165-53C471C44DEA}.Release|x86.ActiveCfg = Release|Any CPU
		{6E6E7B55-25AC-4582-8165-53C471C44DEA}.Release|x86.Build.0 = Release|Any CPU
	EndGlobalSection
	GlobalSection(SolutionProperties) = preSolution
		HideSolutionNode = FALSE
	EndGlobalSection
EndGlobal
